
Microsoft Visual Studio Solution File, Format Version 12.00
# Visual Studio Version 17
VisualStudioVersion = 17.0.31903.59
MinimumVisualStudioVersion = 10.0.40219.1
Project("{FAE04EC0-301F-11D3-BF4B-00C04F79EFBC}") = "Bloc2AC3", "Bloc2AC3\Bloc2AC3.csproj", "{A1E03235-5FBA-4039-BBD0-E1FA42563A0A}"
EndProject
Project("{FAE04EC0-301F-11D3-BF4B-00C04F79EFBC}") = "ClassLibrary", "Bloc2AC3\ClassLibrary\ClassLibrary.csproj", "{95B87C3B-F6A9-46D4-B30F-456B08033582}"
EndProject
Project("{FAE04EC0-301F-11D3-BF4B-00C04F79EFBC}") = "TestProject", "Bloc2AC3\TestProject\TestProject.csproj", "{B0187659-A194-4CC3-84BC-92F06366DC30}"
EndProject
Global
	GlobalSection(SolutionConfigurationPlatforms) = preSolution
		Debug|Any CPU = Debug|Any CPU
		Debug|x64 = Debug|x64
		Debug|x86 = Debug|x86
		Release|Any CPU = Release|Any CPU
		Release|x64 = Release|x64
		Release|x86 = Release|x86
	EndGlobalSection
	GlobalSection(ProjectConfigurationPlatforms) = postSolution
		{A1E03235-5FBA-4039-BBD0-E1FA42563A0A}.Debug|Any CPU.ActiveCfg = Debug|Any CPU
		{A1E03235-5FBA-4039-BBD0-E1FA42563A0A}.Debug|Any CPU.Build.0 = Debug|Any CPU
		{A1E03235-5FBA-4039-BBD0-E1FA42563A0A}.Debug|x64.ActiveCfg = Debug|Any CPU
		{A1E03235-5FBA-4039-BBD0-E1FA42563A0A}.Debug|x64.Build.0 = Debug|Any CPU
		{A1E03235-5FBA-4039-BBD0-E1FA42563A0A}.Debug|x86.ActiveCfg = Debug|Any CPU
		{A1E03235-5FBA-4039-BBD0-E1FA42563A0A}.Debug|x86.Build.0 = Debug|Any CPU
		{A1E03235-5FBA-4039-BBD0-E1FA42563A0A}.Release|Any CPU.ActiveCfg = Release|Any CPU
		{A1E03235-5FBA-4039-BBD0-E1FA42563A0A}.Release|Any CPU.Build.0 = Release|Any CPU
		{A1E03235-5FBA-4039-BBD0-E1FA42563A0A}.Release|x64.ActiveCfg = Release|Any CPU
		{A1E03235-5FBA-4039-BBD0-E1FA42563A0A}.Release|x64.Build.0 = Release|Any CPU
		{A1E03235-5FBA-4039-BBD0-E1FA42563A0A}.Release|x86.ActiveCfg = Release|Any CPU
		{A1E03235-5FBA-4039-BBD0-E1FA42563A0A}.Release|x86.Build.0 = Release|Any CPU
		{95B87C3B-F6A9-46D4-B30F-456B08033582}.Debug|Any CPU.ActiveCfg = Debug|Any CPU
		{95B87C3B-F6A9-46D4-B30F-456B08033582}.Debug|Any CPU.Build.0 = Debug|Any CPU
		{95B87C3B-F6A9-46D4-B30F-456B08033582}.Debug|x64.ActiveCfg = Debug|Any CPU
		{95B87C3B-F6A9-46D4-B30F-456B08033582}.Debug|x64.Build.0 = Debug|Any CPU
		{95B87C3B-F6A9-46D4-B30F-456B08033582}.Debug|x86.ActiveCfg = Debug|Any CPU
		{95B87C3B-F6A9-46D4-B30F-456B08033582}.Debug|x86.Build.0 = Debug|Any CPU
		{95B87C3B-F6A9-46D4-B30F-456B08033582}.Release|Any CPU.ActiveCfg = Release|Any CPU
		{95B87C3B-F6A9-46D4-B30F-456B08033582}.Release|Any CPU.Build.0 = Release|Any CPU
		{95B87C3B-F6A9-46D4-B30F-456B08033582}.Release|x64.ActiveCfg = Release|Any CPU
		{95B87C3B-F6A9-46D4-B30F-456B08033582}.Release|x64.Build.0 = Release|Any CPU
		{95B87C3B-F6A9-46D4-B30F-456B08033582}.Release|x86.ActiveCfg = Release|Any CPU
		{95B87C3B-F6A9-46D4-B30F-456B08033582}.Release|x86.Build.0 = Release|Any CPU
		{B0187659-A194-4CC3-84BC-92F06366DC30}.Debug|Any CPU.ActiveCfg = Debug|Any CPU
		{B0187659-A194-4CC3-84BC-92F06366DC30}.Debug|Any CPU.Build.0 = Debug|Any CPU
		{B0187659-A194-4CC3-84BC-92F06366DC30}.Debug|x64.ActiveCfg = Debug|Any CPU
		{B0187659-A194-4CC3-84BC-92F06366DC30}.Debug|x64.Build.0 = Debug|Any CPU
		{B0187659-A194-4CC3-84BC-92F06366DC30}.Debug|x86.ActiveCfg = Debug|Any CPU
		{B0187659-A194-4CC3-84BC-92F06366DC30}.Debug|x86.Build.0 = Debug|Any CPU
		{B0187659-A194-4CC3-84BC-92F06366DC30}.Release|Any CPU.ActiveCfg = Release|Any CPU
		{B0187659-A194-4CC3-84BC-92F06366DC30}.Release|Any CPU.Build.0 = Release|Any CPU
		{B0187659-A194-4CC3-84BC-92F06366DC30}.Release|x64.ActiveCfg = Release|Any CPU
		{B0187659-A194-4CC3-84BC-92F06366DC30}.Release|x64.Build.0 = Release|Any CPU
		{B0187659-A194-4CC3-84BC-92F06366DC30}.Release|x86.ActiveCfg = Release|Any CPU
		{B0187659-A194-4CC3-84BC-92F06366DC30}.Release|x86.Build.0 = Release|Any CPU
	EndGlobalSection
	GlobalSection(SolutionProperties) = preSolution
		HideSolutionNode = FALSE
	EndGlobalSection
EndGlobal
